
Microsoft Visual Studio Solution File, Format Version 12.00
# Visual Studio Version 16
VisualStudioVersion = 16.0.29411.108
MinimumVisualStudioVersion = 10.0.40219.1
Project("{FAE04EC0-301F-11D3-BF4B-00C04F79EFBC}") = "SoccerData.Model.Initializer", "SoccerData.Model.Initializer\SoccerData.Model.Initializer.csproj", "{A8C10F6F-9E23-4465-89E2-A78829A93613}"
EndProject
Project("{FAE04EC0-301F-11D3-BF4B-00C04F79EFBC}") = "SoccerData.Model", "SoccerData.Model\SoccerData.Model.csproj", "{27D3A219-E1A4-40EC-8F33-902C536D9762}"
EndProject
Project("{FAE04EC0-301F-11D3-BF4B-00C04F79EFBC}") = "SoccerData.Processors", "SoccerData.Processors\SoccerData.Processors.csproj", "{A5857E2C-9F9D-4E58-A350-80D142CD62B5}"
EndProject
Global
	GlobalSection(SolutionConfigurationPlatforms) = preSolution
		Debug|Any CPU = Debug|Any CPU
		Release|Any CPU = Release|Any CPU
	EndGlobalSection
	GlobalSection(ProjectConfigurationPlatforms) = postSolution
		{A8C10F6F-9E23-4465-89E2-A78829A93613}.Debug|Any CPU.ActiveCfg = Debug|Any CPU
		{A8C10F6F-9E23-4465-89E2-A78829A93613}.Debug|Any CPU.Build.0 = Debug|Any CPU
		{A8C10F6F-9E23-4465-89E2-A78829A93613}.Release|Any CPU.ActiveCfg = Release|Any CPU
		{A8C10F6F-9E23-4465-89E2-A78829A93613}.Release|Any CPU.Build.0 = Release|Any CPU
		{27D3A219-E1A4-40EC-8F33-902C536D9762}.Debug|Any CPU.ActiveCfg = Debug|Any CPU
		{27D3A219-E1A4-40EC-8F33-902C536D9762}.Debug|Any CPU.Build.0 = Debug|Any CPU
		{27D3A219-E1A4-40EC-8F33-902C536D9762}.Release|Any CPU.ActiveCfg = Release|Any CPU
		{27D3A219-E1A4-40EC-8F33-902C536D9762}.Release|Any CPU.Build.0 = Release|Any CPU
		{A5857E2C-9F9D-4E58-A350-80D142CD62B5}.Debug|Any CPU.ActiveCfg = Debug|Any CPU
		{A5857E2C-9F9D-4E58-A350-80D142CD62B5}.Debug|Any CPU.Build.0 = Debug|Any CPU
		{A5857E2C-9F9D-4E58-A350-80D142CD62B5}.Release|Any CPU.ActiveCfg = Release|Any CPU
		{A5857E2C-9F9D-4E58-A350-80D142CD62B5}.Release|Any CPU.Build.0 = Release|Any CPU
	EndGlobalSection
	GlobalSection(SolutionProperties) = preSolution
		HideSolutionNode = FALSE
	EndGlobalSection
	GlobalSection(ExtensibilityGlobals) = postSolution
		SolutionGuid = {919F2A09-FE75-4F1C-99B0-49BF020C822A}
	EndGlobalSection
EndGlobal
